
Microsoft Visual Studio Solution File, Format Version 12.00
# Visual Studio Version 17
VisualStudioVersion = 17.7.34031.279
MinimumVisualStudioVersion = 10.0.40219.1
Project("{FAE04EC0-301F-11D3-BF4B-00C04F79EFBC}") = "Calculator_Project", "Calculator_Project\Calculator_Project.csproj", "{0F159422-858D-456E-AF45-6A5A9CCD86AB}"
EndProject
Global
	GlobalSection(SolutionConfigurationPlatforms) = preSolution
		Debug|Any CPU = Debug|Any CPU
		Release|Any CPU = Release|Any CPU
	EndGlobalSection
	GlobalSection(ProjectConfigurationPlatforms) = postSolution
		{0F159422-858D-456E-AF45-6A5A9CCD86AB}.Debug|Any CPU.ActiveCfg = Debug|Any CPU
		{0F159422-858D-456E-AF45-6A5A9CCD86AB}.Debug|Any CPU.Build.0 = Debug|Any CPU
		{0F159422-858D-456E-AF45-6A5A9CCD86AB}.Release|Any CPU.ActiveCfg = Release|Any CPU
		{0F159422-858D-456E-AF45-6A5A9CCD86AB}.Release|Any CPU.Build.0 = Release|Any CPU
	EndGlobalSection
	GlobalSection(SolutionProperties) = preSolution
		HideSolutionNode = FALSE
	EndGlobalSection
	GlobalSection(ExtensibilityGlobals) = postSolution
		SolutionGuid = {1A35E0B8-3730-45BD-A9CE-DAC922AA4367}
	EndGlobalSection
EndGlobal
